schema: '2.0'
stages:
  data_ingestion:
    cmd: python src/data_ingestion.py
    deps:
    - path: src/data_ingestion.py
      hash: md5
      md5: e4ee14a691a094a45f28ca3967622a47
      size: 735
    outs:
    - path: data/raw
      hash: md5
      md5: d4092ebdc3773dd37f22618addec1a91.dir
      size: 36640
      nfiles: 1
  data_preprocessing:
    cmd: python src/data_preprocessing.py
    deps:
    - path: data/raw
      hash: md5
      md5: d4092ebdc3773dd37f22618addec1a91.dir
      size: 36640
      nfiles: 1
    - path: src/data_preprocessing.py
      hash: md5
      md5: 60b8d8a32e9086db1f9c6355984960b3
      size: 1489
    outs:
    - path: data/processed
      hash: md5
      md5: b2022b0eecf8a7b65cc75e2195ceee3e.dir
      size: 36642
      nfiles: 1
  feature_engineering:
    cmd: python src/feature_engineering.py
    deps:
    - path: data/processed
      hash: md5
      md5: b2022b0eecf8a7b65cc75e2195ceee3e.dir
      size: 36642
      nfiles: 1
    - path: src/feature_engineering.py
      hash: md5
      md5: 212509d317d33886951ee9a845038239
      size: 2552
    outs:
    - path: data/features
      hash: md5
      md5: 30936e45c4e131491774860297910559.dir
      size: 133885
      nfiles: 3
  model_building:
    cmd: python src/model_building.py
    deps:
    - path: data/features
      hash: md5
      md5: 30936e45c4e131491774860297910559.dir
      size: 133885
      nfiles: 3
    - path: src/model_building.py
      hash: md5
      md5: 03bccf257b3099695a15d5009e269aad
      size: 1529
    outs:
    - path: model.pkl
      hash: md5
      md5: 7f2eee7c59c8f582fd05809185dc8409
      size: 1315969
  model_evaluation:
    cmd: python src/model_evaluation.py
    deps:
    - path: model.pkl
      hash: md5
      md5: 7f2eee7c59c8f582fd05809185dc8409
      size: 1315969
    - path: src/model_evaluation.py
      hash: md5
      md5: 7bf130f362a65eae910528f72199c298
      size: 1580
    outs:
    - path: metrics.json
      hash: md5
      md5: f31f43a891247bf476c00385b41b55ba
      size: 134
